
Microsoft Visual Studio Solution File, Format Version 12.00
# Visual Studio Version 16
VisualStudioVersion = 16.0.30413.136
MinimumVisualStudioVersion = 10.0.40219.1
Project("{8BC9CEB8-8B4A-11D0-8D11-00A0C91BC942}") = "project_mysqlconnectionpool", "project_mysqlconnectionpool.vcxproj", "{4A6FF42A-9634-45ED-B470-A35982CA5809}"
EndProject
Global
	GlobalSection(SolutionConfigurationPlatforms) = preSolution
		Debug|x64 = Debug|x64
		Debug|x86 = Debug|x86
		Release|x64 = Release|x64
		Release|x86 = Release|x86
	EndGlobalSection
	GlobalSection(ProjectConfigurationPlatforms) = postSolution
		{4A6FF42A-9634-45ED-B470-A35982CA5809}.Debug|x64.ActiveCfg = Debug|x64
		{4A6FF42A-9634-45ED-B470-A35982CA5809}.Debug|x64.Build.0 = Debug|x64
		{4A6FF42A-9634-45ED-B470-A35982CA5809}.Debug|x86.ActiveCfg = Debug|Win32
		{4A6FF42A-9634-45ED-B470-A35982CA5809}.Debug|x86.Build.0 = Debug|Win32
		{4A6FF42A-9634-45ED-B470-A35982CA5809}.Release|x64.ActiveCfg = Release|x64
		{4A6FF42A-9634-45ED-B470-A35982CA5809}.Release|x64.Build.0 = Release|x64
		{4A6FF42A-9634-45ED-B470-A35982CA5809}.Release|x86.ActiveCfg = Release|Win32
		{4A6FF42A-9634-45ED-B470-A35982CA5809}.Release|x86.Build.0 = Release|Win32
	EndGlobalSection
	GlobalSection(SolutionProperties) = preSolution
		HideSolutionNode = FALSE
	EndGlobalSection
	GlobalSection(ExtensibilityGlobals) = postSolution
		SolutionGuid = {E95756F5-7F79-4376-8CF2-E762B8544B01}
	EndGlobalSection
EndGlobal
